
Microsoft Visual Studio Solution File, Format Version 12.00
# Visual Studio Version 17
VisualStudioVersion = 17.12.35527.113 d17.12
MinimumVisualStudioVersion = 10.0.40219.1
Project("{FAE04EC0-301F-11D3-BF4B-00C04F79EFBC}") = "MVCTP1", "MVCTP1\MVCTP1.csproj", "{84C50E86-D674-4379-A0C4-A9DBEBFDE5FC}"
EndProject
Global
	GlobalSection(SolutionConfigurationPlatforms) = preSolution
		Debug|Any CPU = Debug|Any CPU
		Release|Any CPU = Release|Any CPU
	EndGlobalSection
	GlobalSection(ProjectConfigurationPlatforms) = postSolution
		{84C50E86-D674-4379-A0C4-A9DBEBFDE5FC}.Debug|Any CPU.ActiveCfg = Debug|Any CPU
		{84C50E86-D674-4379-A0C4-A9DBEBFDE5FC}.Debug|Any CPU.Build.0 = Debug|Any CPU
		{84C50E86-D674-4379-A0C4-A9DBEBFDE5FC}.Release|Any CPU.ActiveCfg = Release|Any CPU
		{84C50E86-D674-4379-A0C4-A9DBEBFDE5FC}.Release|Any CPU.Build.0 = Release|Any CPU
	EndGlobalSection
	GlobalSection(SolutionProperties) = preSolution
		HideSolutionNode = FALSE
	EndGlobalSection
EndGlobal
